<?xml version="1.0" encoding="utf-8"?>
<Project ToolsVersion="4.0" xmlns="http://schemas.microsoft.com/developer/msbuild/2003">
  <ItemGroup>
    <Filter Include="Shader Files">
      <UniqueIdentifier>{2d1c400f-b888-43e7-8d76-ba5213f91d0f}</UniqueIdentifier>
    </Filter>
    <Filter Include="Shader Files\Pixel Shader">
      <UniqueIdentifier>{5c396ecf-3492-4e56-bdeb-7b7b1e034f26}</UniqueIdentifier>
    </Filter>
    <Filter Include="Shader Files\Vertex Shader">
      <UniqueIdentifier>{38d5d671-8d99-4e3b-aec2-683ba890893a}</UniqueIdentifier>
    </Filter>
    <Filter Include="RenderComponents">
      <UniqueIdentifier>{aa1ec628-c660-4c7d-a0b5-853331cb2f20}</UniqueIdentifier>
    </Filter>
    <Filter Include="ResourceManager">
      <UniqueIdentifier>{0f29363b-bde9-4107-bec7-1a2795c2e7b9}</UniqueIdentifier>
    </Filter>
    <Filter Include="Texture Loader">
      <UniqueIdentifier>{24f610e2-1652-43b6-88aa-8546d028f527}</UniqueIdentifier>
    </Filter>
  </ItemGroup>
  <ItemGroup>
    <ClInclude Include="DXRenderer.h" />
    <ClInclude Include="DXRDefinitions.h" />
    <ClInclude Include="DXRFramework.h" />
    <ClInclude Include="Texture Loader\DDSTextureLoader.h">
      <Filter>Texture Loader</Filter>
    </ClInclude>
    <ClInclude Include="Texture Loader\WICTextureLoader.h">
      <Filter>Texture Loader</Filter>
    </ClInclude>
    <ClInclude Include="RenderComponents\DXTexture.h">
      <Filter>RenderComponents</Filter>
    </ClInclude>
    <ClInclude Include="ResourceManager\DXRenderObjectPool.h">
      <Filter>ResourceManager</Filter>
    </ClInclude>
    <ClInclude Include="ResourceManager\DXResourceManager.h">
      <Filter>ResourceManager</Filter>
    </ClInclude>
    <ClInclude Include="RenderComponents\DXRenderObject.h">
      <Filter>RenderComponents</Filter>
    </ClInclude>
    <ClInclude Include="RenderComponents\DXShader.h">
      <Filter>RenderComponents</Filter>
    </ClInclude>
    <ClInclude Include="RenderComponents\DXView.h">
      <Filter>RenderComponents</Filter>
    </ClInclude>
    <ClInclude Include="RenderComponents\DXRenderMesh.h">
      <Filter>RenderComponents</Filter>
    </ClInclude>
    <ClInclude Include="RenderComponents\DXConstantBuffer.h">
      <Filter>RenderComponents</Filter>
    </ClInclude>
    <ClInclude Include="ResourceManager\DXScene.h">
      <Filter>ResourceManager</Filter>
    </ClInclude>
  </ItemGroup>
  <ItemGroup>
    <ClCompile Include="DXRenderer.cpp" />
    <ClCompile Include="DXRFramework.cpp" />
    <ClCompile Include="Texture Loader\DDSTextureLoader.cpp">
      <Filter>Texture Loader</Filter>
    </ClCompile>
    <ClCompile Include="Texture Loader\WICTextureLoader.cpp">
      <Filter>Texture Loader</Filter>
    </ClCompile>
    <ClCompile Include="RenderComponents\DXTexture.cpp">
      <Filter>RenderComponents</Filter>
    </ClCompile>
    <ClCompile Include="ResourceManager\DXRenderObjectPool.cpp">
      <Filter>ResourceManager</Filter>
    </ClCompile>
    <ClCompile Include="ResourceManager\DXResourceManager.cpp">
      <Filter>ResourceManager</Filter>
    </ClCompile>
    <ClCompile Include="RenderComponents\DXRenderObject.cpp">
      <Filter>RenderComponents</Filter>
    </ClCompile>
    <ClCompile Include="RenderComponents\DXShader.cpp">
      <Filter>RenderComponents</Filter>
    </ClCompile>
    <ClCompile Include="RenderComponents\DXView.cpp">
      <Filter>RenderComponents</Filter>
    </ClCompile>
    <ClCompile Include="RenderComponents\DXRenderMesh.cpp">
      <Filter>RenderComponents</Filter>
    </ClCompile>
    <ClCompile Include="RenderComponents\DXConstantBuffer.cpp">
      <Filter>RenderComponents</Filter>
    </ClCompile>
    <ClCompile Include="ResourceManager\DXScene.cpp">
      <Filter>ResourceManager</Filter>
    </ClCompile>
  </ItemGroup>
  <ItemGroup>
    <FxCompile Include="Shader Files\ColorPS.hlsl">
      <Filter>Shader Files\Pixel Shader</Filter>
    </FxCompile>
    <FxCompile Include="Shader Files\DebugRenderPS.hlsl">
      <Filter>Shader Files\Pixel Shader</Filter>
    </FxCompile>
    <FxCompile Include="Shader Files\DebugRenderVS.hlsl">
      <Filter>Shader Files\Vertex Shader</Filter>
    </FxCompile>
    <FxCompile Include="Shader Files\DefaultPS.hlsl">
      <Filter>Shader Files\Pixel Shader</Filter>
    </FxCompile>
    <FxCompile Include="Shader Files\DefaultVS.hlsl">
      <Filter>Shader Files\Vertex Shader</Filter>
    </FxCompile>
    <FxCompile Include="Shader Files\WorldVS.hlsl">
      <Filter>Shader Files\Vertex Shader</Filter>
    </FxCompile>
    <FxCompile Include="Shader Files\SpriteVS.hlsl">
      <Filter>Shader Files\Vertex Shader</Filter>
    </FxCompile>
  </ItemGroup>
</Project>