<?xml version="1.0" encoding="utf-8"?>
<Project ToolsVersion="4.0" xmlns="http://schemas.microsoft.com/developer/msbuild/2003">
  <ItemGroup>
    <Filter Include="Source Files">
      <UniqueIdentifier>{4FC737F1-C7A5-4376-A066-2A32D752A2FF}</UniqueIdentifier>
      <Extensions>cpp;c;cc;cxx;c++;cppm;ixx;def;odl;idl;hpj;bat;asm;asmx</Extensions>
    </Filter>
    <Filter Include="Resource Files">
      <UniqueIdentifier>{67DA6AB6-F800-4c08-8B7A-83BB121AAD01}</UniqueIdentifier>
      <Extensions>rc;ico;cur;bmp;dlg;rc2;rct;bin;rgs;gif;jpg;jpeg;jpe;resx;tiff;tif;png;wav;mfcribbon-ms</Extensions>
    </Filter>
    <Filter Include="ResourceManager">
      <UniqueIdentifier>{e4c1e6c0-36e0-4fcc-bae0-0bbbe7a28896}</UniqueIdentifier>
    </Filter>
  </ItemGroup>
  <ItemGroup>
    <ClInclude Include="DXConstantBuffer.h" />
    <ClInclude Include="DXRDefinitions.h" />
    <ClInclude Include="DXRenderer.h" />
    <ClInclude Include="DXRenderMesh.h" />
    <ClInclude Include="DXRenderObject.h" />
    <ClInclude Include="DXRenderObjectPool.h" />
    <ClInclude Include="DXRFramework.h" />
    <ClInclude Include="DXShader.h" />
    <ClInclude Include="DXView.h" />
    <ClInclude Include="DXResourceManager.h">
      <Filter>ResourceManager</Filter>
    </ClInclude>
  </ItemGroup>
  <ItemGroup>
    <ClCompile Include="DXRenderer.cpp">
      <Filter>Source Files</Filter>
    </ClCompile>
    <ClCompile Include="DXShader.cpp">
      <Filter>Source Files</Filter>
    </ClCompile>
    <ClCompile Include="DXConstantBuffer.cpp">
      <Filter>Source Files</Filter>
    </ClCompile>
    <ClCompile Include="DXRFramework.cpp">
      <Filter>Source Files</Filter>
    </ClCompile>
    <ClCompile Include="DXRenderMesh.cpp">
      <Filter>Source Files</Filter>
    </ClCompile>
    <ClCompile Include="DXRenderObject.cpp">
      <Filter>Source Files</Filter>
    </ClCompile>
    <ClCompile Include="DXView.cpp">
      <Filter>Source Files</Filter>
    </ClCompile>
    <ClCompile Include="DXRenderObjectPool.cpp">
      <Filter>Source Files</Filter>
    </ClCompile>
    <ClCompile Include="DXResourceManager.cpp">
      <Filter>ResourceManager</Filter>
    </ClCompile>
  </ItemGroup>
</Project>