<?xml version="1.0" encoding="utf-8"?>
<Project ToolsVersion="4.0" xmlns="http://schemas.microsoft.com/developer/msbuild/2003">
  <ItemGroup>
    <Filter Include="Source Files">
      <UniqueIdentifier>{4FC737F1-C7A5-4376-A066-2A32D752A2FF}</UniqueIdentifier>
      <Extensions>cpp;c;cc;cxx;c++;cppm;ixx;def;odl;idl;hpj;bat;asm;asmx</Extensions>
    </Filter>
    <Filter Include="Header Files">
      <UniqueIdentifier>{9cfa382b-5884-41d7-9551-839843ecda85}</UniqueIdentifier>
    </Filter>
    <Filter Include="Shader Files">
      <UniqueIdentifier>{2d1c400f-b888-43e7-8d76-ba5213f91d0f}</UniqueIdentifier>
    </Filter>
    <Filter Include="Shader Files\Pixel Shader">
      <UniqueIdentifier>{5c396ecf-3492-4e56-bdeb-7b7b1e034f26}</UniqueIdentifier>
    </Filter>
    <Filter Include="Shader Files\Vertex Shader">
      <UniqueIdentifier>{38d5d671-8d99-4e3b-aec2-683ba890893a}</UniqueIdentifier>
    </Filter>
  </ItemGroup>
  <ItemGroup>
    <ClInclude Include="DXConstantBuffer.h">
      <Filter>Header Files</Filter>
    </ClInclude>
    <ClInclude Include="DXRDefinitions.h">
      <Filter>Header Files</Filter>
    </ClInclude>
    <ClInclude Include="DXRenderer.h">
      <Filter>Header Files</Filter>
    </ClInclude>
    <ClInclude Include="DXRenderMesh.h">
      <Filter>Header Files</Filter>
    </ClInclude>
    <ClInclude Include="DXRenderObject.h">
      <Filter>Header Files</Filter>
    </ClInclude>
    <ClInclude Include="DXRenderObjectPool.h">
      <Filter>Header Files</Filter>
    </ClInclude>
    <ClInclude Include="DXRFramework.h">
      <Filter>Header Files</Filter>
    </ClInclude>
    <ClInclude Include="DXShader.h">
      <Filter>Header Files</Filter>
    </ClInclude>
    <ClInclude Include="DXView.h">
      <Filter>Header Files</Filter>
    </ClInclude>
    <ClInclude Include="DXResourceManager.h" />
  </ItemGroup>
  <ItemGroup>
    <ClCompile Include="DXRenderer.cpp">
      <Filter>Source Files</Filter>
    </ClCompile>
    <ClCompile Include="DXShader.cpp">
      <Filter>Source Files</Filter>
    </ClCompile>
    <ClCompile Include="DXConstantBuffer.cpp">
      <Filter>Source Files</Filter>
    </ClCompile>
    <ClCompile Include="DXRFramework.cpp">
      <Filter>Source Files</Filter>
    </ClCompile>
    <ClCompile Include="DXRenderMesh.cpp">
      <Filter>Source Files</Filter>
    </ClCompile>
    <ClCompile Include="DXRenderObject.cpp">
      <Filter>Source Files</Filter>
    </ClCompile>
    <ClCompile Include="DXView.cpp">
      <Filter>Source Files</Filter>
    </ClCompile>
    <ClCompile Include="DXRenderObjectPool.cpp">
      <Filter>Source Files</Filter>
    </ClCompile>
    <ClCompile Include="DXResourceManager.cpp" />
  </ItemGroup>
  <ItemGroup>
    <FxCompile Include="Shader Files\ColorPS.hlsl">
      <Filter>Shader Files\Pixel Shader</Filter>
    </FxCompile>
    <FxCompile Include="Shader Files\DebugRenderPS.hlsl">
      <Filter>Shader Files\Pixel Shader</Filter>
    </FxCompile>
    <FxCompile Include="Shader Files\DebugRenderVS.hlsl">
      <Filter>Shader Files\Vertex Shader</Filter>
    </FxCompile>
    <FxCompile Include="Shader Files\DefaultPS.hlsl">
      <Filter>Shader Files\Pixel Shader</Filter>
    </FxCompile>
    <FxCompile Include="Shader Files\DefaultVS.hlsl">
      <Filter>Shader Files\Vertex Shader</Filter>
    </FxCompile>
    <FxCompile Include="Shader Files\WorldVS.hlsl">
      <Filter>Shader Files\Vertex Shader</Filter>
    </FxCompile>
  </ItemGroup>
</Project>