<?xml version="1.0" encoding="utf-8"?>
<Project ToolsVersion="4.0" xmlns="http://schemas.microsoft.com/developer/msbuild/2003">
  <ItemGroup>
    <Filter Include="Debug">
      <UniqueIdentifier>{8d79de9d-8838-4544-9a39-c21b1aa20d6c}</UniqueIdentifier>
    </Filter>
    <Filter Include="Input">
      <UniqueIdentifier>{21fb530c-6c09-44c4-8896-c53c44fa211d}</UniqueIdentifier>
    </Filter>
  </ItemGroup>
  <ItemGroup>
    <ClInclude Include="uengine_winapp.h" />
    <ClInclude Include="WinApplication.h" />
    <ClInclude Include="WinConsole.h">
      <Filter>Debug</Filter>
    </ClInclude>
    <ClInclude Include="WinMemoryLeak.h">
      <Filter>Debug</Filter>
    </ClInclude>
    <ClInclude Include="WinInput.h">
      <Filter>Input</Filter>
    </ClInclude>
  </ItemGroup>
  <ItemGroup>
    <ClCompile Include="WinApplication.cpp" />
    <ClCompile Include="uengine_winapp.cpp" />
    <ClCompile Include="WinInput.cpp">
      <Filter>Input</Filter>
    </ClCompile>
  </ItemGroup>
</Project>