<?xml version="1.0" encoding="utf-8"?>
<Project ToolsVersion="4.0" xmlns="http://schemas.microsoft.com/developer/msbuild/2003">
  <ItemGroup>
    <Filter Include="Math">
      <UniqueIdentifier>{02d88152-909b-42d1-81af-548cae99d2f8}</UniqueIdentifier>
    </Filter>
    <Filter Include="Thread">
      <UniqueIdentifier>{35ed9362-e759-4c1b-b0e2-ff2f124e1591}</UniqueIdentifier>
    </Filter>
    <Filter Include="Time">
      <UniqueIdentifier>{2b619297-a5ab-4ec2-8a8d-0e0dbd56c03f}</UniqueIdentifier>
    </Filter>
  </ItemGroup>
  <ItemGroup>
    <ClInclude Include="Math\Vector3.h">
      <Filter>Math</Filter>
    </ClInclude>
    <ClInclude Include="Math\Vector2.h">
      <Filter>Math</Filter>
    </ClInclude>
    <ClInclude Include="UMath.h">
      <Filter>Math</Filter>
    </ClInclude>
    <ClInclude Include="UThreadPool.h">
      <Filter>Thread</Filter>
    </ClInclude>
    <ClInclude Include="UTime.h">
      <Filter>Time</Filter>
    </ClInclude>
    <ClInclude Include="UtilityDefinitions.h" />
  </ItemGroup>
  <ItemGroup>
    <ClCompile Include="Math\Vector3.cpp">
      <Filter>Math</Filter>
    </ClCompile>
    <ClCompile Include="Math\Vector2.cpp">
      <Filter>Math</Filter>
    </ClCompile>
    <ClCompile Include="UMath.cpp">
      <Filter>Math</Filter>
    </ClCompile>
    <ClCompile Include="UThreadPool.cpp">
      <Filter>Thread</Filter>
    </ClCompile>
    <ClCompile Include="UTime.cpp">
      <Filter>Time</Filter>
    </ClCompile>
  </ItemGroup>
</Project>