
Microsoft Visual Studio Solution File, Format Version 12.00
# Visual Studio Version 16
VisualStudioVersion = 16.0.31005.135
MinimumVisualStudioVersion = 10.0.40219.1
Project("{8BC9CEB8-8B4A-11D0-8D11-00A0C91BC942}") = "WinApplication", "WinApplication\WinApplication.vcxproj", "{3225E7B8-EC78-42E5-AA5A-5FE133B5D2D8}"
EndProject
Project("{8BC9CEB8-8B4A-11D0-8D11-00A0C91BC942}") = "Utility", "Utility\Utility.vcxproj", "{1E6E9E7F-5741-42E3-8BA6-8DE45E1CF4DF}"
EndProject
Project("{8BC9CEB8-8B4A-11D0-8D11-00A0C91BC942}") = "DXRenderer", "DXRenderer\DXRenderer.vcxproj", "{9D244782-39DF-490E-8068-EEB44EE826A2}"
EndProject
Project("{8BC9CEB8-8B4A-11D0-8D11-00A0C91BC942}") = "GameState", "GameState\GameState.vcxproj", "{AF891668-D822-41C0-9469-BCD43C952215}"
	ProjectSection(ProjectDependencies) = postProject
		{4BC22B1E-E3B7-49D3-8D60-FD0EDBA0716D} = {4BC22B1E-E3B7-49D3-8D60-FD0EDBA0716D}
	EndProjectSection
EndProject
Project("{8BC9CEB8-8B4A-11D0-8D11-00A0C91BC942}") = "UEngine", "UEngine\UEngine.vcxproj", "{4B4D66C9-796C-4BC1-84AA-543FB3786F12}"
EndProject
Project("{8BC9CEB8-8B4A-11D0-8D11-00A0C91BC942}") = "UnitTest", "UnitTest\UnitTest.vcxproj", "{D8B8367D-E536-4FA7-BC49-21CF135653EA}"
EndProject
Project("{8BC9CEB8-8B4A-11D0-8D11-00A0C91BC942}") = "DllTest", "DllTest\DllTest.vcxproj", "{4BC22B1E-E3B7-49D3-8D60-FD0EDBA0716D}"
EndProject
Project("{8BC9CEB8-8B4A-11D0-8D11-00A0C91BC942}") = "SingletonManager", "SingletonManager\SingletonManager.vcxproj", "{D117C2DB-8E63-429E-9216-58392B31321A}"
EndProject
Global
	GlobalSection(SolutionConfigurationPlatforms) = preSolution
		Debug|x64 = Debug|x64
		Debug|x86 = Debug|x86
		Release|x64 = Release|x64
		Release|x86 = Release|x86
	EndGlobalSection
	GlobalSection(ProjectConfigurationPlatforms) = postSolution
		{3225E7B8-EC78-42E5-AA5A-5FE133B5D2D8}.Debug|x64.ActiveCfg = Debug|x64
		{3225E7B8-EC78-42E5-AA5A-5FE133B5D2D8}.Debug|x64.Build.0 = Debug|x64
		{3225E7B8-EC78-42E5-AA5A-5FE133B5D2D8}.Debug|x86.ActiveCfg = Debug|Win32
		{3225E7B8-EC78-42E5-AA5A-5FE133B5D2D8}.Debug|x86.Build.0 = Debug|Win32
		{3225E7B8-EC78-42E5-AA5A-5FE133B5D2D8}.Release|x64.ActiveCfg = Release|x64
		{3225E7B8-EC78-42E5-AA5A-5FE133B5D2D8}.Release|x64.Build.0 = Release|x64
		{3225E7B8-EC78-42E5-AA5A-5FE133B5D2D8}.Release|x86.ActiveCfg = Release|Win32
		{3225E7B8-EC78-42E5-AA5A-5FE133B5D2D8}.Release|x86.Build.0 = Release|Win32
		{1E6E9E7F-5741-42E3-8BA6-8DE45E1CF4DF}.Debug|x64.ActiveCfg = Debug|x64
		{1E6E9E7F-5741-42E3-8BA6-8DE45E1CF4DF}.Debug|x64.Build.0 = Debug|x64
		{1E6E9E7F-5741-42E3-8BA6-8DE45E1CF4DF}.Debug|x86.ActiveCfg = Debug|Win32
		{1E6E9E7F-5741-42E3-8BA6-8DE45E1CF4DF}.Debug|x86.Build.0 = Debug|Win32
		{1E6E9E7F-5741-42E3-8BA6-8DE45E1CF4DF}.Release|x64.ActiveCfg = Release|x64
		{1E6E9E7F-5741-42E3-8BA6-8DE45E1CF4DF}.Release|x64.Build.0 = Release|x64
		{1E6E9E7F-5741-42E3-8BA6-8DE45E1CF4DF}.Release|x86.ActiveCfg = Release|Win32
		{1E6E9E7F-5741-42E3-8BA6-8DE45E1CF4DF}.Release|x86.Build.0 = Release|Win32
		{9D244782-39DF-490E-8068-EEB44EE826A2}.Debug|x64.ActiveCfg = Debug|x64
		{9D244782-39DF-490E-8068-EEB44EE826A2}.Debug|x64.Build.0 = Debug|x64
		{9D244782-39DF-490E-8068-EEB44EE826A2}.Debug|x86.ActiveCfg = Debug|Win32
		{9D244782-39DF-490E-8068-EEB44EE826A2}.Debug|x86.Build.0 = Debug|Win32
		{9D244782-39DF-490E-8068-EEB44EE826A2}.Release|x64.ActiveCfg = Release|x64
		{9D244782-39DF-490E-8068-EEB44EE826A2}.Release|x64.Build.0 = Release|x64
		{9D244782-39DF-490E-8068-EEB44EE826A2}.Release|x86.ActiveCfg = Release|Win32
		{9D244782-39DF-490E-8068-EEB44EE826A2}.Release|x86.Build.0 = Release|Win32
		{AF891668-D822-41C0-9469-BCD43C952215}.Debug|x64.ActiveCfg = Debug|x64
		{AF891668-D822-41C0-9469-BCD43C952215}.Debug|x64.Build.0 = Debug|x64
		{AF891668-D822-41C0-9469-BCD43C952215}.Debug|x86.ActiveCfg = Debug|Win32
		{AF891668-D822-41C0-9469-BCD43C952215}.Debug|x86.Build.0 = Debug|Win32
		{AF891668-D822-41C0-9469-BCD43C952215}.Release|x64.ActiveCfg = Release|x64
		{AF891668-D822-41C0-9469-BCD43C952215}.Release|x64.Build.0 = Release|x64
		{AF891668-D822-41C0-9469-BCD43C952215}.Release|x86.ActiveCfg = Release|Win32
		{AF891668-D822-41C0-9469-BCD43C952215}.Release|x86.Build.0 = Release|Win32
		{4B4D66C9-796C-4BC1-84AA-543FB3786F12}.Debug|x64.ActiveCfg = Debug|x64
		{4B4D66C9-796C-4BC1-84AA-543FB3786F12}.Debug|x64.Build.0 = Debug|x64
		{4B4D66C9-796C-4BC1-84AA-543FB3786F12}.Debug|x86.ActiveCfg = Debug|Win32
		{4B4D66C9-796C-4BC1-84AA-543FB3786F12}.Debug|x86.Build.0 = Debug|Win32
		{4B4D66C9-796C-4BC1-84AA-543FB3786F12}.Release|x64.ActiveCfg = Release|x64
		{4B4D66C9-796C-4BC1-84AA-543FB3786F12}.Release|x64.Build.0 = Release|x64
		{4B4D66C9-796C-4BC1-84AA-543FB3786F12}.Release|x86.ActiveCfg = Release|Win32
		{4B4D66C9-796C-4BC1-84AA-543FB3786F12}.Release|x86.Build.0 = Release|Win32
		{D8B8367D-E536-4FA7-BC49-21CF135653EA}.Debug|x64.ActiveCfg = Debug|x64
		{D8B8367D-E536-4FA7-BC49-21CF135653EA}.Debug|x64.Build.0 = Debug|x64
		{D8B8367D-E536-4FA7-BC49-21CF135653EA}.Debug|x86.ActiveCfg = Debug|Win32
		{D8B8367D-E536-4FA7-BC49-21CF135653EA}.Debug|x86.Build.0 = Debug|Win32
		{D8B8367D-E536-4FA7-BC49-21CF135653EA}.Release|x64.ActiveCfg = Release|x64
		{D8B8367D-E536-4FA7-BC49-21CF135653EA}.Release|x64.Build.0 = Release|x64
		{D8B8367D-E536-4FA7-BC49-21CF135653EA}.Release|x86.ActiveCfg = Release|Win32
		{D8B8367D-E536-4FA7-BC49-21CF135653EA}.Release|x86.Build.0 = Release|Win32
		{4BC22B1E-E3B7-49D3-8D60-FD0EDBA0716D}.Debug|x64.ActiveCfg = Debug|x64
		{4BC22B1E-E3B7-49D3-8D60-FD0EDBA0716D}.Debug|x64.Build.0 = Debug|x64
		{4BC22B1E-E3B7-49D3-8D60-FD0EDBA0716D}.Debug|x86.ActiveCfg = Debug|Win32
		{4BC22B1E-E3B7-49D3-8D60-FD0EDBA0716D}.Debug|x86.Build.0 = Debug|Win32
		{4BC22B1E-E3B7-49D3-8D60-FD0EDBA0716D}.Release|x64.ActiveCfg = Release|x64
		{4BC22B1E-E3B7-49D3-8D60-FD0EDBA0716D}.Release|x64.Build.0 = Release|x64
		{4BC22B1E-E3B7-49D3-8D60-FD0EDBA0716D}.Release|x86.ActiveCfg = Release|Win32
		{4BC22B1E-E3B7-49D3-8D60-FD0EDBA0716D}.Release|x86.Build.0 = Release|Win32
		{D117C2DB-8E63-429E-9216-58392B31321A}.Debug|x64.ActiveCfg = Debug|x64
		{D117C2DB-8E63-429E-9216-58392B31321A}.Debug|x64.Build.0 = Debug|x64
		{D117C2DB-8E63-429E-9216-58392B31321A}.Debug|x86.ActiveCfg = Debug|Win32
		{D117C2DB-8E63-429E-9216-58392B31321A}.Debug|x86.Build.0 = Debug|Win32
		{D117C2DB-8E63-429E-9216-58392B31321A}.Release|x64.ActiveCfg = Release|x64
		{D117C2DB-8E63-429E-9216-58392B31321A}.Release|x64.Build.0 = Release|x64
		{D117C2DB-8E63-429E-9216-58392B31321A}.Release|x86.ActiveCfg = Release|Win32
		{D117C2DB-8E63-429E-9216-58392B31321A}.Release|x86.Build.0 = Release|Win32
	EndGlobalSection
	GlobalSection(SolutionProperties) = preSolution
		HideSolutionNode = FALSE
	EndGlobalSection
	GlobalSection(ExtensibilityGlobals) = postSolution
		SolutionGuid = {EE015284-9981-4FE5-985D-C3612EE61BCE}
	EndGlobalSection
EndGlobal
