<?xml version="1.0" encoding="utf-8"?>
<Project ToolsVersion="4.0" xmlns="http://schemas.microsoft.com/developer/msbuild/2003">
  <ItemGroup>
    <ClCompile Include="Ball.cpp" />
    <ClCompile Include="GoalPost.cpp" />
    <ClCompile Include="main.cpp" />
    <ClCompile Include="Player.cpp" />
    <ClCompile Include="Player1.cpp" />
    <ClCompile Include="Player2.cpp" />
    <ClCompile Include="Scene.cpp" />
    <ClCompile Include="stdafx.cpp" />
  </ItemGroup>
  <ItemGroup>
    <ClInclude Include="Ball.h" />
    <ClInclude Include="GoalPost.h" />
    <ClInclude Include="main.h" />
    <ClInclude Include="Player.h" />
    <ClInclude Include="Player1.h" />
    <ClInclude Include="Player2.h" />
    <ClInclude Include="Scene.h" />
    <ClInclude Include="stdafx.h" />
  </ItemGroup>
</Project>