<?xml version="1.0" encoding="utf-8"?>
<Project ToolsVersion="4.0" xmlns="http://schemas.microsoft.com/developer/msbuild/2003">
  <ItemGroup>
    <ClInclude Include="UEngine.h" />
    <ClInclude Include="UEngineDefinitions.h" />
    <ClInclude Include="DebugRenderer\DebugRenderer.h">
      <Filter>DebugRenderer</Filter>
    </ClInclude>
    <ClInclude Include="Game Architecture\GameState.h">
      <Filter>Game Architecture</Filter>
    </ClInclude>
    <ClInclude Include="Game Architecture\Object\GameObject.h">
      <Filter>Game Architecture\Object</Filter>
    </ClInclude>
    <ClInclude Include="Game Architecture\Object\Component\Component.h">
      <Filter>Game Architecture\Object\Component</Filter>
    </ClInclude>
    <ClInclude Include="Game Architecture\Object\Component\Transform.h">
      <Filter>Game Architecture\Object\Component</Filter>
    </ClInclude>
    <ClInclude Include="Game Architecture\Object\Component\RenderComponent.h">
      <Filter>Game Architecture\Object\Component</Filter>
    </ClInclude>
    <ClInclude Include="Game Architecture\Object\Component\Material.h">
      <Filter>Game Architecture\Object\Component</Filter>
    </ClInclude>
    <ClInclude Include="Game Architecture\Object\Component\Camera.h">
      <Filter>Game Architecture\Object\Component</Filter>
    </ClInclude>
    <ClInclude Include="Game Architecture\Scene\GameScene.h">
      <Filter>Game Architecture\Scene</Filter>
    </ClInclude>
    <ClInclude Include="Math\Math.h">
      <Filter>Math</Filter>
    </ClInclude>
    <ClInclude Include="Game Architecture\Scene\GameView.h">
      <Filter>Game Architecture\Scene</Filter>
    </ClInclude>
    <ClInclude Include="Game Architecture\Physics2D\SpatialPartition2D.h">
      <Filter>Game Architecture\Physics2D</Filter>
    </ClInclude>
    <ClInclude Include="Game Architecture\Physics2D\Component\CircleCollider.h">
      <Filter>Game Architecture\Physics2D\Component</Filter>
    </ClInclude>
    <ClInclude Include="Game Architecture\Physics2D\Component\Collider.h">
      <Filter>Game Architecture\Physics2D\Component</Filter>
    </ClInclude>
    <ClInclude Include="Game Architecture\Physics2D\Component\RectCollider.h">
      <Filter>Game Architecture\Physics2D\Component</Filter>
    </ClInclude>
    <ClInclude Include="Game Architecture\Physics2D\Component\CollisionType.h">
      <Filter>Game Architecture\Physics2D\Component</Filter>
    </ClInclude>
    <ClInclude Include="XMLParser\XMLSceneParser.h">
      <Filter>XMLParser</Filter>
    </ClInclude>
  </ItemGroup>
  <ItemGroup>
    <ClCompile Include="UEngine.cpp" />
    <ClCompile Include="DebugRenderer\DebugRenderer.cpp">
      <Filter>DebugRenderer</Filter>
    </ClCompile>
    <ClCompile Include="Game Architecture\GameState.cpp">
      <Filter>Game Architecture</Filter>
    </ClCompile>
    <ClCompile Include="Game Architecture\Object\GameObject.cpp">
      <Filter>Game Architecture\Object</Filter>
    </ClCompile>
    <ClCompile Include="Game Architecture\Object\Component\Transform.cpp">
      <Filter>Game Architecture\Object\Component</Filter>
    </ClCompile>
    <ClCompile Include="Game Architecture\Object\Component\RenderComponent.cpp">
      <Filter>Game Architecture\Object\Component</Filter>
    </ClCompile>
    <ClCompile Include="Game Architecture\Object\Component\Material.cpp">
      <Filter>Game Architecture\Object\Component</Filter>
    </ClCompile>
    <ClCompile Include="Game Architecture\Object\Component\Camera.cpp">
      <Filter>Game Architecture\Object\Component</Filter>
    </ClCompile>
    <ClCompile Include="Game Architecture\Scene\GameScene.cpp">
      <Filter>Game Architecture\Scene</Filter>
    </ClCompile>
    <ClCompile Include="Math\Math.cpp">
      <Filter>Math</Filter>
    </ClCompile>
    <ClCompile Include="Game Architecture\Physics2D\SpatialPartition2D.cpp">
      <Filter>Game Architecture\Physics2D</Filter>
    </ClCompile>
    <ClCompile Include="Game Architecture\Physics2D\Component\CircleCollider.cpp">
      <Filter>Game Architecture\Physics2D\Component</Filter>
    </ClCompile>
    <ClCompile Include="Game Architecture\Physics2D\Component\Collider.cpp">
      <Filter>Game Architecture\Physics2D\Component</Filter>
    </ClCompile>
    <ClCompile Include="Game Architecture\Physics2D\Component\RectCollider.cpp">
      <Filter>Game Architecture\Physics2D\Component</Filter>
    </ClCompile>
    <ClCompile Include="Game Architecture\Scene\GameView.cpp">
      <Filter>Game Architecture\Scene</Filter>
    </ClCompile>
    <ClCompile Include="XMLParser\XMLSceneParser.cpp">
      <Filter>XMLParser</Filter>
    </ClCompile>
  </ItemGroup>
  <ItemGroup>
    <Filter Include="DebugRenderer">
      <UniqueIdentifier>{fd6ca42f-2cb3-4f6e-9704-87b6a0ed03a4}</UniqueIdentifier>
    </Filter>
    <Filter Include="Game Architecture">
      <UniqueIdentifier>{82f93419-4f54-4e78-ae75-e4f5622172bf}</UniqueIdentifier>
    </Filter>
    <Filter Include="Game Architecture\Object">
      <UniqueIdentifier>{e71fe5ac-1e08-4f49-920c-f72737c35976}</UniqueIdentifier>
    </Filter>
    <Filter Include="Game Architecture\Object\Component">
      <UniqueIdentifier>{c681b41e-2f2b-4b2a-91d3-546c29a1a405}</UniqueIdentifier>
    </Filter>
    <Filter Include="Game Architecture\Scene">
      <UniqueIdentifier>{ceff178a-95a5-4cc6-a68a-88256883f61e}</UniqueIdentifier>
    </Filter>
    <Filter Include="Math">
      <UniqueIdentifier>{2d3ed35c-35ba-49e2-91fa-631c780801b6}</UniqueIdentifier>
    </Filter>
    <Filter Include="Game Architecture\Physics2D">
      <UniqueIdentifier>{ceff0b68-3259-46b7-b90f-d28fcac80581}</UniqueIdentifier>
    </Filter>
    <Filter Include="Game Architecture\Physics2D\Component">
      <UniqueIdentifier>{7067f2d2-bc0a-4471-9020-e0010434fdb8}</UniqueIdentifier>
    </Filter>
    <Filter Include="XMLParser">
      <UniqueIdentifier>{79e8e7fe-3a79-45b9-a389-1ac43906670c}</UniqueIdentifier>
    </Filter>
  </ItemGroup>
</Project>