<?xml version="1.0" encoding="utf-8"?>
<Project ToolsVersion="4.0" xmlns="http://schemas.microsoft.com/developer/msbuild/2003">
  <ItemGroup>
    <ClInclude Include="UEngine.h" />
    <ClInclude Include="UEngineDefinitions.h" />
    <ClInclude Include="Game\GameState.h">
      <Filter>Game Architecture</Filter>
    </ClInclude>
    <ClInclude Include="Pool\RenderObjectPool.h">
      <Filter>ResourceManager</Filter>
    </ClInclude>
    <ClInclude Include="Object\GameObject.h">
      <Filter>Game Architecture\Object</Filter>
    </ClInclude>
    <ClInclude Include="Object\Component\Camera.h">
      <Filter>Game Architecture\Object\Component</Filter>
    </ClInclude>
    <ClInclude Include="Object\Component\Material.h">
      <Filter>Game Architecture\Object\Component</Filter>
    </ClInclude>
    <ClInclude Include="Object\Component\RenderComponent.h">
      <Filter>Game Architecture\Object\Component</Filter>
    </ClInclude>
    <ClInclude Include="Pool\ConstantBufferPool.h">
      <Filter>ResourceManager</Filter>
    </ClInclude>
    <ClInclude Include="Object\Component\Transform.h">
      <Filter>Game Architecture\Object\Component</Filter>
    </ClInclude>
    <ClInclude Include="Object\Component\Component.h">
      <Filter>Game Architecture\Object\Component</Filter>
    </ClInclude>
    <ClInclude Include="DebugRenderer\DebugRenderer.h">
      <Filter>DebugRenderer</Filter>
    </ClInclude>
    <ClInclude Include="Math\Math.h">
      <Filter>Math</Filter>
    </ClInclude>
    <ClInclude Include="Game\GameScene.h">
      <Filter>Game Architecture\Scene</Filter>
    </ClInclude>
    <ClInclude Include="Game Architecture\Collision\SpatialPartition2D.h">
      <Filter>Game Architecture\Collision</Filter>
    </ClInclude>
    <ClInclude Include="Game Architecture\Collision\Component\Collider.h">
      <Filter>Game Architecture\Collision\Component</Filter>
    </ClInclude>
  </ItemGroup>
  <ItemGroup>
    <ClCompile Include="UEngine.cpp" />
    <ClCompile Include="Game\GameState.cpp">
      <Filter>Game Architecture</Filter>
    </ClCompile>
    <ClCompile Include="Pool\RenderObjectPool.cpp">
      <Filter>ResourceManager</Filter>
    </ClCompile>
    <ClCompile Include="Object\GameObject.cpp">
      <Filter>Game Architecture\Object</Filter>
    </ClCompile>
    <ClCompile Include="Object\Component\Camera.cpp">
      <Filter>Game Architecture\Object\Component</Filter>
    </ClCompile>
    <ClCompile Include="Object\Component\RenderComponent.cpp">
      <Filter>Game Architecture\Object\Component</Filter>
    </ClCompile>
    <ClCompile Include="Pool\ConstantBufferPool.cpp">
      <Filter>ResourceManager</Filter>
    </ClCompile>
    <ClCompile Include="Object\Component\Transform.cpp">
      <Filter>Game Architecture\Object\Component</Filter>
    </ClCompile>
    <ClCompile Include="Object\Component\Material.cpp">
      <Filter>Game Architecture\Object\Component</Filter>
    </ClCompile>
    <ClCompile Include="DebugRenderer\DebugRenderer.cpp">
      <Filter>DebugRenderer</Filter>
    </ClCompile>
    <ClCompile Include="Math\Math.cpp">
      <Filter>Math</Filter>
    </ClCompile>
    <ClCompile Include="Game\GameScene.cpp">
      <Filter>Game Architecture\Scene</Filter>
    </ClCompile>
    <ClCompile Include="Game Architecture\Collision\SpatialPartition2D.cpp">
      <Filter>Game Architecture\Collision</Filter>
    </ClCompile>
    <ClCompile Include="Game Architecture\Collision\Component\Collider.cpp">
      <Filter>Game Architecture\Collision\Component</Filter>
    </ClCompile>
  </ItemGroup>
  <ItemGroup>
    <Filter Include="DebugRenderer">
      <UniqueIdentifier>{fd6ca42f-2cb3-4f6e-9704-87b6a0ed03a4}</UniqueIdentifier>
    </Filter>
    <Filter Include="Math">
      <UniqueIdentifier>{e5c75232-4d26-49a6-a307-f2eaaf010175}</UniqueIdentifier>
    </Filter>
    <Filter Include="ResourceManager">
      <UniqueIdentifier>{34d733eb-90fc-4d02-89fc-6a5096820359}</UniqueIdentifier>
    </Filter>
    <Filter Include="Game Architecture">
      <UniqueIdentifier>{82f93419-4f54-4e78-ae75-e4f5622172bf}</UniqueIdentifier>
    </Filter>
    <Filter Include="Game Architecture\Scene">
      <UniqueIdentifier>{05bb2756-3f4e-46d0-a1bc-64710667d84b}</UniqueIdentifier>
    </Filter>
    <Filter Include="Game Architecture\Object">
      <UniqueIdentifier>{e71fe5ac-1e08-4f49-920c-f72737c35976}</UniqueIdentifier>
    </Filter>
    <Filter Include="Game Architecture\Object\Component">
      <UniqueIdentifier>{2158d01c-ba89-4df4-aaf5-72befc680cd1}</UniqueIdentifier>
    </Filter>
    <Filter Include="Game Architecture\Collision">
      <UniqueIdentifier>{af833c8f-e123-4dff-9409-83f0bcaabbf5}</UniqueIdentifier>
    </Filter>
    <Filter Include="Game Architecture\Collision\Component">
      <UniqueIdentifier>{a9105e1d-0924-455a-9b38-6c5dd4896038}</UniqueIdentifier>
    </Filter>
  </ItemGroup>
</Project>