<?xml version="1.0" encoding="utf-8"?>
<Project ToolsVersion="4.0" xmlns="http://schemas.microsoft.com/developer/msbuild/2003">
  <ItemGroup>
    <ClInclude Include="UEngine.h" />
    <ClInclude Include="UEngineDefinitions.h" />
    <ClInclude Include="Game\GameScene.h">
      <Filter>Game</Filter>
    </ClInclude>
    <ClInclude Include="Game\GameState.h">
      <Filter>Game</Filter>
    </ClInclude>
    <ClInclude Include="Pool\RenderObjectPool.h">
      <Filter>Pool</Filter>
    </ClInclude>
    <ClInclude Include="Object\GameObject.h">
      <Filter>Object</Filter>
    </ClInclude>
    <ClInclude Include="Object\Component\IComponent.h">
      <Filter>Object\Component</Filter>
    </ClInclude>
    <ClInclude Include="Object\Component\Camera.h">
      <Filter>Object\Component</Filter>
    </ClInclude>
    <ClInclude Include="Object\Component\Material.h">
      <Filter>Object\Component</Filter>
    </ClInclude>
    <ClInclude Include="Object\Component\RenderComponent.h">
      <Filter>Object\Component</Filter>
    </ClInclude>
    <ClInclude Include="Pool\ConstantBufferPool.h">
      <Filter>Pool</Filter>
    </ClInclude>
    <ClInclude Include="Object\Component\Transform.h">
      <Filter>Object\Component</Filter>
    </ClInclude>
  </ItemGroup>
  <ItemGroup>
    <ClCompile Include="UEngine.cpp" />
    <ClCompile Include="Game\GameScene.cpp">
      <Filter>Game</Filter>
    </ClCompile>
    <ClCompile Include="Game\GameState.cpp">
      <Filter>Game</Filter>
    </ClCompile>
    <ClCompile Include="Pool\RenderObjectPool.cpp">
      <Filter>Pool</Filter>
    </ClCompile>
    <ClCompile Include="Object\GameObject.cpp">
      <Filter>Object</Filter>
    </ClCompile>
    <ClCompile Include="Object\Component\Camera.cpp">
      <Filter>Object\Component</Filter>
    </ClCompile>
    <ClCompile Include="Object\Component\RenderComponent.cpp">
      <Filter>Object\Component</Filter>
    </ClCompile>
    <ClCompile Include="Pool\ConstantBufferPool.cpp">
      <Filter>Pool</Filter>
    </ClCompile>
    <ClCompile Include="Object\Component\Transform.cpp">
      <Filter>Object\Component</Filter>
    </ClCompile>
    <ClCompile Include="Object\Component\Material.cpp">
      <Filter>Object\Component</Filter>
    </ClCompile>
  </ItemGroup>
  <ItemGroup>
    <Filter Include="Game">
      <UniqueIdentifier>{82f93419-4f54-4e78-ae75-e4f5622172bf}</UniqueIdentifier>
    </Filter>
    <Filter Include="Object">
      <UniqueIdentifier>{e71fe5ac-1e08-4f49-920c-f72737c35976}</UniqueIdentifier>
    </Filter>
    <Filter Include="Object\Component">
      <UniqueIdentifier>{2158d01c-ba89-4df4-aaf5-72befc680cd1}</UniqueIdentifier>
    </Filter>
    <Filter Include="Pool">
      <UniqueIdentifier>{34d733eb-90fc-4d02-89fc-6a5096820359}</UniqueIdentifier>
    </Filter>
  </ItemGroup>
</Project>